# THIS IS AN AUTOGENERATED FILE. DO NOT EDIT THIS FILE DIRECTLY.
# yarn lockfile v1


config@^3.0.1:
  version "3.0.1"
  resolved "https://registry.yarnpkg.com/config/-/config-3.0.1.tgz#c3118e2eb45fdfd135277339f87e2492559cb147"
  integrity sha512-TBNrrk2b6AybUohqXw2AydglFBL9b/+1GG93Di6Fm6x1SyVJ5PYgo+mqY2X0KpU9m0PJDSbFaC5H95utSphtLw==
  dependencies:
    json5 "^1.0.1"

json5@^1.0.1:
  version "1.0.1"
  resolved "https://registry.yarnpkg.com/json5/-/json5-1.0.1.tgz#779fb0018604fa854eacbf6252180d83543e3dbe"
  integrity sha512-aKS4WQjPenRxiQsC93MNfjx+nbF4PAdYzmd/1JIj8HYzqfbu86beTuNgXDzPknWk0n0uARlyewZo4s++ES36Ow==
  dependencies:
    minimist "^1.2.0"

minimist@^1.2.0:
  version "1.2.0"
  resolved "https://registry.yarnpkg.com/minimist/-/minimist-1.2.0.tgz#a35008b20f41383eec1fb914f4cd5df79a264284"
  integrity sha1-o1AIsg9BOD7sH7kU9M1d95omQoQ=
